
Microsoft Visual Studio Solution File, Format Version 12.00
# Visual Studio Version 17
VisualStudioVersion = 17.14.36408.4 d17.14
MinimumVisualStudioVersion = 10.0.40219.1
Project("{FAE04EC0-301F-11D3-BF4B-00C04F79EFBC}") = "ConsoleApp2", "ConsoleApp2.csproj", "{2255B62E-AA84-49D5-B167-E3E9FEB4C871}"
EndProject
Global
	GlobalSection(SolutionConfigurationPlatforms) = preSolution
		Debug|Any CPU = Debug|Any CPU
		Release|Any CPU = Release|Any CPU
	EndGlobalSection
	GlobalSection(ProjectConfigurationPlatforms) = postSolution
		{2255B62E-AA84-49D5-B167-E3E9FEB4C871}.Debug|Any CPU.ActiveCfg = Debug|Any CPU
		{2255B62E-AA84-49D5-B167-E3E9FEB4C871}.Debug|Any CPU.Build.0 = Debug|Any CPU
		{2255B62E-AA84-49D5-B167-E3E9FEB4C871}.Release|Any CPU.ActiveCfg = Release|Any CPU
		{2255B62E-AA84-49D5-B167-E3E9FEB4C871}.Release|Any CPU.Build.0 = Release|Any CPU
	EndGlobalSection
	GlobalSection(SolutionProperties) = preSolution
		HideSolutionNode = FALSE
	EndGlobalSection
	GlobalSection(ExtensibilityGlobals) = postSolution
		SolutionGuid = {337D4D08-58B6-4B53-8F3B-478896DEEC6A}
	EndGlobalSection
EndGlobal
